
Microsoft Visual Studio Solution File, Format Version 12.00
# Visual Studio Version 16
VisualStudioVersion = 16.0.31515.178
MinimumVisualStudioVersion = 10.0.40219.1
Project("{FAE04EC0-301F-11D3-BF4B-00C04F79EFBC}") = "PasswordBind", "PasswordBind\PasswordBind.csproj", "{6A04BFB7-01AA-4BB0-92D2-CA35C6F4DB32}"
EndProject
Project("{FAE04EC0-301F-11D3-BF4B-00C04F79EFBC}") = "MvvmLibary", "MvvmLibary\MvvmLibary.csproj", "{141DD294-061F-4600-8DFF-0DEB1BA7A31A}"
EndProject
Global
	GlobalSection(SolutionConfigurationPlatforms) = preSolution
		Debug|Any CPU = Debug|Any CPU
		Release|Any CPU = Release|Any CPU
	EndGlobalSection
	GlobalSection(ProjectConfigurationPlatforms) = postSolution
		{6A04BFB7-01AA-4BB0-92D2-CA35C6F4DB32}.Debug|Any CPU.ActiveCfg = Debug|Any CPU
		{6A04BFB7-01AA-4BB0-92D2-CA35C6F4DB32}.Debug|Any CPU.Build.0 = Debug|Any CPU
		{6A04BFB7-01AA-4BB0-92D2-CA35C6F4DB32}.Release|Any CPU.ActiveCfg = Release|Any CPU
		{6A04BFB7-01AA-4BB0-92D2-CA35C6F4DB32}.Release|Any CPU.Build.0 = Release|Any CPU
		{141DD294-061F-4600-8DFF-0DEB1BA7A31A}.Debug|Any CPU.ActiveCfg = Debug|Any CPU
		{141DD294-061F-4600-8DFF-0DEB1BA7A31A}.Debug|Any CPU.Build.0 = Debug|Any CPU
		{141DD294-061F-4600-8DFF-0DEB1BA7A31A}.Release|Any CPU.ActiveCfg = Release|Any CPU
		{141DD294-061F-4600-8DFF-0DEB1BA7A31A}.Release|Any CPU.Build.0 = Release|Any CPU
	EndGlobalSection
	GlobalSection(SolutionProperties) = preSolution
		HideSolutionNode = FALSE
	EndGlobalSection
	GlobalSection(ExtensibilityGlobals) = postSolution
		SolutionGuid = {426FC282-677E-41E8-B8C2-4CB2C2B82FDC}
	EndGlobalSection
EndGlobal
