
Microsoft Visual Studio Solution File, Format Version 12.00
# Visual Studio Version 16
VisualStudioVersion = 16.0.31515.178
MinimumVisualStudioVersion = 10.0.40219.1
Project("{9A19103F-16F7-4668-BE54-9A1E7A4F7556}") = "PasswordBind", "PasswordBind\PasswordBind.csproj", "{6A04BFB7-01AA-4BB0-92D2-CA35C6F4DB32}"
EndProject
Project("{9A19103F-16F7-4668-BE54-9A1E7A4F7556}") = "MvvmLibary", "MvvmLibary\MvvmLibary.csproj", "{141DD294-061F-4600-8DFF-0DEB1BA7A31A}"
EndProject
Project("{9A19103F-16F7-4668-BE54-9A1E7A4F7556}") = "MarkupExtension", "MarkupExtension\MarkupExtension.csproj", "{2DDC216F-F02C-4C1C-8BE6-5FE193FCAFC4}"
EndProject
Project("{9A19103F-16F7-4668-BE54-9A1E7A4F7556}") = "BackgrountTip", "BackgrountTip\BackgrountTip.csproj", "{70CBE9E1-640D-4E24-BD77-7C9A6C057449}"
EndProject
Project("{9A19103F-16F7-4668-BE54-9A1E7A4F7556}") = "InkCanvas", "InkCanvas\InkCanvas.csproj", "{44690DCB-F20A-4DA6-9648-D8C04F918BA3}"
EndProject
Project("{9A19103F-16F7-4668-BE54-9A1E7A4F7556}") = "KeyPressEvents", "KeyPressEvents\KeyPressEvents.csproj", "{80211D1E-9C34-4B37-A289-F9FA2841E2EC}"
EndProject
Project("{9A19103F-16F7-4668-BE54-9A1E7A4F7556}") = "RawTouch", "RawTouch\RawTouch.csproj", "{9BAE8EED-3409-45F8-86BE-738F248664D8}"
EndProject
Project("{9A19103F-16F7-4668-BE54-9A1E7A4F7556}") = "KeepButtonPressed", "KeepButtonPressed\KeepButtonPressed.csproj", "{44442F9F-EC39-4904-9BE3-1B1A56837024}"
EndProject
Project("{9A19103F-16F7-4668-BE54-9A1E7A4F7556}") = "UnderlineButton", "UnderlineButton\UnderlineButton.csproj", "{75BC10B5-CDA0-4670-9190-A9BDEA83F2B7}"
EndProject
Project("{9A19103F-16F7-4668-BE54-9A1E7A4F7556}") = "SelectedTextFromTextBox", "SelectedTextFromTextBox\SelectedTextFromTextBox.csproj", "{4920B201-143B-4D63-A95E-57E41463DF08}"
EndProject
Project("{9A19103F-16F7-4668-BE54-9A1E7A4F7556}") = "TransformDemo", "TransformDemo\TransformDemo.csproj", "{23E44075-AD59-4944-AA94-27E660C528CE}"
EndProject
Project("{9A19103F-16F7-4668-BE54-9A1E7A4F7556}") = "Drawing", "Drawing\Drawing.csproj", "{C0CA0765-D741-4A6F-9B37-40EE27CC69E2}"
EndProject
Project("{9A19103F-16F7-4668-BE54-9A1E7A4F7556}") = "Tab", "Tab\Tab.csproj", "{AE423792-E41D-435D-A5A2-F2C171378FFF}"
EndProject
Project("{9A19103F-16F7-4668-BE54-9A1E7A4F7556}") = "StoreDatabase", "StoreDatabase\StoreDatabase.csproj", "{E1872DAB-1D96-4910-A38F-EFDFE1AB9100}"
EndProject
Project("{9A19103F-16F7-4668-BE54-9A1E7A4F7556}") = "BindingDataValidationVerify", "BindingDataValidationVerify\BindingDataValidationVerify.csproj", "{CEA18061-9BE9-4D4E-A174-E0B345AAA76D}"
EndProject
Project("{FAE04EC0-301F-11D3-BF4B-00C04F79EFBC}") = "LoadingAnimation", "LoadingAnimation\LoadingAnimation.csproj", "{BDD2B8AD-159E-4EF4-BC3A-3D2768DF7352}"
EndProject
Global
	GlobalSection(SolutionConfigurationPlatforms) = preSolution
		Debug|Any CPU = Debug|Any CPU
		Release|Any CPU = Release|Any CPU
	EndGlobalSection
	GlobalSection(ProjectConfigurationPlatforms) = postSolution
		{6A04BFB7-01AA-4BB0-92D2-CA35C6F4DB32}.Debug|Any CPU.ActiveCfg = Debug|Any CPU
		{6A04BFB7-01AA-4BB0-92D2-CA35C6F4DB32}.Debug|Any CPU.Build.0 = Debug|Any CPU
		{6A04BFB7-01AA-4BB0-92D2-CA35C6F4DB32}.Release|Any CPU.ActiveCfg = Release|Any CPU
		{6A04BFB7-01AA-4BB0-92D2-CA35C6F4DB32}.Release|Any CPU.Build.0 = Release|Any CPU
		{141DD294-061F-4600-8DFF-0DEB1BA7A31A}.Debug|Any CPU.ActiveCfg = Debug|Any CPU
		{141DD294-061F-4600-8DFF-0DEB1BA7A31A}.Debug|Any CPU.Build.0 = Debug|Any CPU
		{141DD294-061F-4600-8DFF-0DEB1BA7A31A}.Release|Any CPU.ActiveCfg = Release|Any CPU
		{141DD294-061F-4600-8DFF-0DEB1BA7A31A}.Release|Any CPU.Build.0 = Release|Any CPU
		{2DDC216F-F02C-4C1C-8BE6-5FE193FCAFC4}.Debug|Any CPU.ActiveCfg = Debug|Any CPU
		{2DDC216F-F02C-4C1C-8BE6-5FE193FCAFC4}.Debug|Any CPU.Build.0 = Debug|Any CPU
		{2DDC216F-F02C-4C1C-8BE6-5FE193FCAFC4}.Release|Any CPU.ActiveCfg = Release|Any CPU
		{2DDC216F-F02C-4C1C-8BE6-5FE193FCAFC4}.Release|Any CPU.Build.0 = Release|Any CPU
		{70CBE9E1-640D-4E24-BD77-7C9A6C057449}.Debug|Any CPU.ActiveCfg = Debug|Any CPU
		{70CBE9E1-640D-4E24-BD77-7C9A6C057449}.Debug|Any CPU.Build.0 = Debug|Any CPU
		{70CBE9E1-640D-4E24-BD77-7C9A6C057449}.Release|Any CPU.ActiveCfg = Release|Any CPU
		{70CBE9E1-640D-4E24-BD77-7C9A6C057449}.Release|Any CPU.Build.0 = Release|Any CPU
		{44690DCB-F20A-4DA6-9648-D8C04F918BA3}.Debug|Any CPU.ActiveCfg = Debug|Any CPU
		{44690DCB-F20A-4DA6-9648-D8C04F918BA3}.Debug|Any CPU.Build.0 = Debug|Any CPU
		{44690DCB-F20A-4DA6-9648-D8C04F918BA3}.Release|Any CPU.ActiveCfg = Release|Any CPU
		{44690DCB-F20A-4DA6-9648-D8C04F918BA3}.Release|Any CPU.Build.0 = Release|Any CPU
		{80211D1E-9C34-4B37-A289-F9FA2841E2EC}.Debug|Any CPU.ActiveCfg = Debug|Any CPU
		{80211D1E-9C34-4B37-A289-F9FA2841E2EC}.Debug|Any CPU.Build.0 = Debug|Any CPU
		{80211D1E-9C34-4B37-A289-F9FA2841E2EC}.Release|Any CPU.ActiveCfg = Release|Any CPU
		{80211D1E-9C34-4B37-A289-F9FA2841E2EC}.Release|Any CPU.Build.0 = Release|Any CPU
		{9BAE8EED-3409-45F8-86BE-738F248664D8}.Debug|Any CPU.ActiveCfg = Debug|Any CPU
		{9BAE8EED-3409-45F8-86BE-738F248664D8}.Debug|Any CPU.Build.0 = Debug|Any CPU
		{9BAE8EED-3409-45F8-86BE-738F248664D8}.Release|Any CPU.ActiveCfg = Release|Any CPU
		{9BAE8EED-3409-45F8-86BE-738F248664D8}.Release|Any CPU.Build.0 = Release|Any CPU
		{44442F9F-EC39-4904-9BE3-1B1A56837024}.Debug|Any CPU.ActiveCfg = Debug|Any CPU
		{44442F9F-EC39-4904-9BE3-1B1A56837024}.Debug|Any CPU.Build.0 = Debug|Any CPU
		{44442F9F-EC39-4904-9BE3-1B1A56837024}.Release|Any CPU.ActiveCfg = Release|Any CPU
		{44442F9F-EC39-4904-9BE3-1B1A56837024}.Release|Any CPU.Build.0 = Release|Any CPU
		{75BC10B5-CDA0-4670-9190-A9BDEA83F2B7}.Debug|Any CPU.ActiveCfg = Debug|Any CPU
		{75BC10B5-CDA0-4670-9190-A9BDEA83F2B7}.Debug|Any CPU.Build.0 = Debug|Any CPU
		{75BC10B5-CDA0-4670-9190-A9BDEA83F2B7}.Release|Any CPU.ActiveCfg = Release|Any CPU
		{75BC10B5-CDA0-4670-9190-A9BDEA83F2B7}.Release|Any CPU.Build.0 = Release|Any CPU
		{4920B201-143B-4D63-A95E-57E41463DF08}.Debug|Any CPU.ActiveCfg = Debug|Any CPU
		{4920B201-143B-4D63-A95E-57E41463DF08}.Debug|Any CPU.Build.0 = Debug|Any CPU
		{4920B201-143B-4D63-A95E-57E41463DF08}.Release|Any CPU.ActiveCfg = Release|Any CPU
		{4920B201-143B-4D63-A95E-57E41463DF08}.Release|Any CPU.Build.0 = Release|Any CPU
		{23E44075-AD59-4944-AA94-27E660C528CE}.Debug|Any CPU.ActiveCfg = Debug|Any CPU
		{23E44075-AD59-4944-AA94-27E660C528CE}.Debug|Any CPU.Build.0 = Debug|Any CPU
		{23E44075-AD59-4944-AA94-27E660C528CE}.Release|Any CPU.ActiveCfg = Release|Any CPU
		{23E44075-AD59-4944-AA94-27E660C528CE}.Release|Any CPU.Build.0 = Release|Any CPU
		{C0CA0765-D741-4A6F-9B37-40EE27CC69E2}.Debug|Any CPU.ActiveCfg = Debug|Any CPU
		{C0CA0765-D741-4A6F-9B37-40EE27CC69E2}.Debug|Any CPU.Build.0 = Debug|Any CPU
		{C0CA0765-D741-4A6F-9B37-40EE27CC69E2}.Release|Any CPU.ActiveCfg = Release|Any CPU
		{C0CA0765-D741-4A6F-9B37-40EE27CC69E2}.Release|Any CPU.Build.0 = Release|Any CPU
		{AE423792-E41D-435D-A5A2-F2C171378FFF}.Debug|Any CPU.ActiveCfg = Debug|Any CPU
		{AE423792-E41D-435D-A5A2-F2C171378FFF}.Debug|Any CPU.Build.0 = Debug|Any CPU
		{AE423792-E41D-435D-A5A2-F2C171378FFF}.Release|Any CPU.ActiveCfg = Release|Any CPU
		{AE423792-E41D-435D-A5A2-F2C171378FFF}.Release|Any CPU.Build.0 = Release|Any CPU
		{E1872DAB-1D96-4910-A38F-EFDFE1AB9100}.Debug|Any CPU.ActiveCfg = Debug|Any CPU
		{E1872DAB-1D96-4910-A38F-EFDFE1AB9100}.Debug|Any CPU.Build.0 = Debug|Any CPU
		{E1872DAB-1D96-4910-A38F-EFDFE1AB9100}.Release|Any CPU.ActiveCfg = Release|Any CPU
		{E1872DAB-1D96-4910-A38F-EFDFE1AB9100}.Release|Any CPU.Build.0 = Release|Any CPU
		{CEA18061-9BE9-4D4E-A174-E0B345AAA76D}.Debug|Any CPU.ActiveCfg = Debug|Any CPU
		{CEA18061-9BE9-4D4E-A174-E0B345AAA76D}.Debug|Any CPU.Build.0 = Debug|Any CPU
		{CEA18061-9BE9-4D4E-A174-E0B345AAA76D}.Release|Any CPU.ActiveCfg = Release|Any CPU
		{CEA18061-9BE9-4D4E-A174-E0B345AAA76D}.Release|Any CPU.Build.0 = Release|Any CPU
		{BDD2B8AD-159E-4EF4-BC3A-3D2768DF7352}.Debug|Any CPU.ActiveCfg = Debug|Any CPU
		{BDD2B8AD-159E-4EF4-BC3A-3D2768DF7352}.Debug|Any CPU.Build.0 = Debug|Any CPU
		{BDD2B8AD-159E-4EF4-BC3A-3D2768DF7352}.Release|Any CPU.ActiveCfg = Release|Any CPU
		{BDD2B8AD-159E-4EF4-BC3A-3D2768DF7352}.Release|Any CPU.Build.0 = Release|Any CPU
	EndGlobalSection
	GlobalSection(SolutionProperties) = preSolution
		HideSolutionNode = FALSE
	EndGlobalSection
	GlobalSection(ExtensibilityGlobals) = postSolution
		SolutionGuid = {426FC282-677E-41E8-B8C2-4CB2C2B82FDC}
	EndGlobalSection
EndGlobal
